
Microsoft Visual Studio Solution File, Format Version 12.00
# Visual Studio Version 17
VisualStudioVersion = 17.14.36221.1 d17.14
MinimumVisualStudioVersion = 10.0.40219.1
Project("{FAE04EC0-301F-11D3-BF4B-00C04F79EFBC}") = "Sondor.ResultManager", "Sondor.ResultManager\Sondor.ResultManager.csproj", "{0B52F585-FE73-492F-9BE2-3D3B3FEA7F86}"
EndProject
Project("{FAE04EC0-301F-11D3-BF4B-00C04F79EFBC}") = "Sondor.ResultManager.Tests", "Sondor.ResultManager.Tests\Sondor.ResultManager.Tests.csproj", "{EE80FDB8-C8E6-443E-9396-9B159F567B11}"
EndProject
Global
	GlobalSection(SolutionConfigurationPlatforms) = preSolution
		Debug|Any CPU = Debug|Any CPU
		Release|Any CPU = Release|Any CPU
	EndGlobalSection
	GlobalSection(ProjectConfigurationPlatforms) = postSolution
		{0B52F585-FE73-492F-9BE2-3D3B3FEA7F86}.Debug|Any CPU.ActiveCfg = Debug|Any CPU
		{0B52F585-FE73-492F-9BE2-3D3B3FEA7F86}.Debug|Any CPU.Build.0 = Debug|Any CPU
		{0B52F585-FE73-492F-9BE2-3D3B3FEA7F86}.Release|Any CPU.ActiveCfg = Release|Any CPU
		{0B52F585-FE73-492F-9BE2-3D3B3FEA7F86}.Release|Any CPU.Build.0 = Release|Any CPU
		{EE80FDB8-C8E6-443E-9396-9B159F567B11}.Debug|Any CPU.ActiveCfg = Debug|Any CPU
		{EE80FDB8-C8E6-443E-9396-9B159F567B11}.Debug|Any CPU.Build.0 = Debug|Any CPU
		{EE80FDB8-C8E6-443E-9396-9B159F567B11}.Release|Any CPU.ActiveCfg = Release|Any CPU
		{EE80FDB8-C8E6-443E-9396-9B159F567B11}.Release|Any CPU.Build.0 = Release|Any CPU
	EndGlobalSection
	GlobalSection(SolutionProperties) = preSolution
		HideSolutionNode = FALSE
	EndGlobalSection
	GlobalSection(ExtensibilityGlobals) = postSolution
		SolutionGuid = {920413D2-0341-4132-B318-0408ADE4CC89}
	EndGlobalSection
EndGlobal
